
Microsoft Visual Studio Solution File, Format Version 12.00
# Visual Studio 15
VisualStudioVersion = 15.0.26228.12
MinimumVisualStudioVersion = 10.0.40219.1
Project("{2150E333-8FDC-42A3-9474-1A3956D46DE8}") = "Applications", "Applications", "{CD67C1F9-6D89-4FEF-A8B2-16ACD54F8497}"
EndProject
Project("{FAE04EC0-301F-11D3-BF4B-00C04F79EFBC}") = "Webhooks", "Applications\Webhooks\Webhooks.csproj", "{B4672381-2948-4434-AE77-BD830890F9F2}"
EndProject
Project("{FAE04EC0-301F-11D3-BF4B-00C04F79EFBC}") = "WebApi", "Applications\WebApi\WebApi.csproj", "{103CA47E-2A17-473C-A457-7223BE5A49C8}"
EndProject
Project("{2150E333-8FDC-42A3-9474-1A3956D46DE8}") = "Common", "Common", "{A7D43373-D835-4A50-ADF2-1B38D20C6EE3}"
EndProject
Project("{FAE04EC0-301F-11D3-BF4B-00C04F79EFBC}") = "Payload", "Common\Payload\Payload.csproj", "{48EFADE2-8756-4B6E-B4FD-C4258279A1A4}"
EndProject
Project("{FAE04EC0-301F-11D3-BF4B-00C04F79EFBC}") = "CrossCutting", "Common\CrossCutting\CrossCutting.csproj", "{5FF6E9FC-5D66-4C27-B31A-C1F5BD0BC11F}"
EndProject
Project("{2150E333-8FDC-42A3-9474-1A3956D46DE8}") = "ApplicationService", "ApplicationService", "{DFA5AFB5-7F5B-4B58-9CA5-BA490B7318CF}"
EndProject
Project("{2150E333-8FDC-42A3-9474-1A3956D46DE8}") = "Webhooks.Handlers", "Webhooks.Handlers", "{2FC49E0B-9D61-4904-93C0-7AE796BFC518}"
EndProject
Project("{FAE04EC0-301F-11D3-BF4B-00C04F79EFBC}") = "Github.Webhook.Handler", "Webhooks.Handlers\Github.Webhook.Handler\Github.Webhook.Handler.csproj", "{618CC023-643C-441A-AE45-FDC3ECD0FF4F}"
EndProject
Project("{FAE04EC0-301F-11D3-BF4B-00C04F79EFBC}") = "Jira.Webhook.Handler", "Webhooks.Handlers\Jira.Webhook.Handler\Jira.Webhook.Handler.csproj", "{A01B3760-7584-4D56-97E2-7E2B45A25DE4}"
EndProject
Global
	GlobalSection(SolutionConfigurationPlatforms) = preSolution
		Debug|Any CPU = Debug|Any CPU
		Release|Any CPU = Release|Any CPU
	EndGlobalSection
	GlobalSection(ProjectConfigurationPlatforms) = postSolution
		{B4672381-2948-4434-AE77-BD830890F9F2}.Debug|Any CPU.ActiveCfg = Debug|Any CPU
		{B4672381-2948-4434-AE77-BD830890F9F2}.Debug|Any CPU.Build.0 = Debug|Any CPU
		{B4672381-2948-4434-AE77-BD830890F9F2}.Release|Any CPU.ActiveCfg = Release|Any CPU
		{B4672381-2948-4434-AE77-BD830890F9F2}.Release|Any CPU.Build.0 = Release|Any CPU
		{103CA47E-2A17-473C-A457-7223BE5A49C8}.Debug|Any CPU.ActiveCfg = Debug|Any CPU
		{103CA47E-2A17-473C-A457-7223BE5A49C8}.Debug|Any CPU.Build.0 = Debug|Any CPU
		{103CA47E-2A17-473C-A457-7223BE5A49C8}.Release|Any CPU.ActiveCfg = Release|Any CPU
		{103CA47E-2A17-473C-A457-7223BE5A49C8}.Release|Any CPU.Build.0 = Release|Any CPU
		{48EFADE2-8756-4B6E-B4FD-C4258279A1A4}.Debug|Any CPU.ActiveCfg = Debug|Any CPU
		{48EFADE2-8756-4B6E-B4FD-C4258279A1A4}.Debug|Any CPU.Build.0 = Debug|Any CPU
		{48EFADE2-8756-4B6E-B4FD-C4258279A1A4}.Release|Any CPU.ActiveCfg = Release|Any CPU
		{48EFADE2-8756-4B6E-B4FD-C4258279A1A4}.Release|Any CPU.Build.0 = Release|Any CPU
		{5FF6E9FC-5D66-4C27-B31A-C1F5BD0BC11F}.Debug|Any CPU.ActiveCfg = Debug|Any CPU
		{5FF6E9FC-5D66-4C27-B31A-C1F5BD0BC11F}.Debug|Any CPU.Build.0 = Debug|Any CPU
		{5FF6E9FC-5D66-4C27-B31A-C1F5BD0BC11F}.Release|Any CPU.ActiveCfg = Release|Any CPU
		{5FF6E9FC-5D66-4C27-B31A-C1F5BD0BC11F}.Release|Any CPU.Build.0 = Release|Any CPU
		{618CC023-643C-441A-AE45-FDC3ECD0FF4F}.Debug|Any CPU.ActiveCfg = Debug|Any CPU
		{618CC023-643C-441A-AE45-FDC3ECD0FF4F}.Debug|Any CPU.Build.0 = Debug|Any CPU
		{618CC023-643C-441A-AE45-FDC3ECD0FF4F}.Release|Any CPU.ActiveCfg = Release|Any CPU
		{618CC023-643C-441A-AE45-FDC3ECD0FF4F}.Release|Any CPU.Build.0 = Release|Any CPU
		{A01B3760-7584-4D56-97E2-7E2B45A25DE4}.Debug|Any CPU.ActiveCfg = Debug|Any CPU
		{A01B3760-7584-4D56-97E2-7E2B45A25DE4}.Debug|Any CPU.Build.0 = Debug|Any CPU
		{A01B3760-7584-4D56-97E2-7E2B45A25DE4}.Release|Any CPU.ActiveCfg = Release|Any CPU
		{A01B3760-7584-4D56-97E2-7E2B45A25DE4}.Release|Any CPU.Build.0 = Release|Any CPU
	EndGlobalSection
	GlobalSection(SolutionProperties) = preSolution
		HideSolutionNode = FALSE
	EndGlobalSection
	GlobalSection(NestedProjects) = preSolution
		{B4672381-2948-4434-AE77-BD830890F9F2} = {CD67C1F9-6D89-4FEF-A8B2-16ACD54F8497}
		{103CA47E-2A17-473C-A457-7223BE5A49C8} = {CD67C1F9-6D89-4FEF-A8B2-16ACD54F8497}
		{48EFADE2-8756-4B6E-B4FD-C4258279A1A4} = {A7D43373-D835-4A50-ADF2-1B38D20C6EE3}
		{5FF6E9FC-5D66-4C27-B31A-C1F5BD0BC11F} = {A7D43373-D835-4A50-ADF2-1B38D20C6EE3}
		{618CC023-643C-441A-AE45-FDC3ECD0FF4F} = {2FC49E0B-9D61-4904-93C0-7AE796BFC518}
		{A01B3760-7584-4D56-97E2-7E2B45A25DE4} = {2FC49E0B-9D61-4904-93C0-7AE796BFC518}
	EndGlobalSection
EndGlobal
